
Microsoft Visual Studio Solution File, Format Version 12.00
# Visual Studio Version 17
VisualStudioVersion = 17.14.36327.8 d17.14
MinimumVisualStudioVersion = 10.0.40219.1
Project("{8BC9CEB8-8B4A-11D0-8D11-00A0C91BC942}") = "AGS_Maindseraper", "AGS_Maindseraper.vcxproj", "{264C5A57-6694-45B6-A21B-B89D41D9D434}"
EndProject
Global
	GlobalSection(SolutionConfigurationPlatforms) = preSolution
		Debug|x64 = Debug|x64
		Debug|x86 = Debug|x86
		Release|x64 = Release|x64
		Release|x86 = Release|x86
	EndGlobalSection
	GlobalSection(ProjectConfigurationPlatforms) = postSolution
		{264C5A57-6694-45B6-A21B-B89D41D9D434}.Debug|x64.ActiveCfg = Debug|x64
		{264C5A57-6694-45B6-A21B-B89D41D9D434}.Debug|x64.Build.0 = Debug|x64
		{264C5A57-6694-45B6-A21B-B89D41D9D434}.Debug|x86.ActiveCfg = Debug|Win32
		{264C5A57-6694-45B6-A21B-B89D41D9D434}.Debug|x86.Build.0 = Debug|Win32
		{264C5A57-6694-45B6-A21B-B89D41D9D434}.Release|x64.ActiveCfg = Release|x64
		{264C5A57-6694-45B6-A21B-B89D41D9D434}.Release|x64.Build.0 = Release|x64
		{264C5A57-6694-45B6-A21B-B89D41D9D434}.Release|x86.ActiveCfg = Release|Win32
		{264C5A57-6694-45B6-A21B-B89D41D9D434}.Release|x86.Build.0 = Release|Win32
	EndGlobalSection
	GlobalSection(SolutionProperties) = preSolution
		HideSolutionNode = FALSE
	EndGlobalSection
	GlobalSection(ExtensibilityGlobals) = postSolution
		SolutionGuid = {DC78125D-21FE-4B9E-B291-2061F846BE9E}
	EndGlobalSection
EndGlobal
